
Microsoft Visual Studio Solution File, Format Version 12.00
# Visual Studio Version 17
VisualStudioVersion = 17.7.34024.191
MinimumVisualStudioVersion = 10.0.40219.1
Project("{FAE04EC0-301F-11D3-BF4B-00C04F79EFBC}") = "N11320017_GUI_Class", "N11320017_GUI_Class\N11320017_GUI_Class.csproj", "{09F63B8A-8977-407D-BAC9-C580DA44B470}"
EndProject
Global
	GlobalSection(SolutionConfigurationPlatforms) = preSolution
		Debug|Any CPU = Debug|Any CPU
		Release|Any CPU = Release|Any CPU
	EndGlobalSection
	GlobalSection(ProjectConfigurationPlatforms) = postSolution
		{09F63B8A-8977-407D-BAC9-C580DA44B470}.Debug|Any CPU.ActiveCfg = Debug|Any CPU
		{09F63B8A-8977-407D-BAC9-C580DA44B470}.Debug|Any CPU.Build.0 = Debug|Any CPU
		{09F63B8A-8977-407D-BAC9-C580DA44B470}.Release|Any CPU.ActiveCfg = Release|Any CPU
		{09F63B8A-8977-407D-BAC9-C580DA44B470}.Release|Any CPU.Build.0 = Release|Any CPU
	EndGlobalSection
	GlobalSection(SolutionProperties) = preSolution
		HideSolutionNode = FALSE
	EndGlobalSection
	GlobalSection(ExtensibilityGlobals) = postSolution
		SolutionGuid = {32AD5863-4F7C-4E68-81B2-F30E7B8FB00B}
	EndGlobalSection
EndGlobal
